// !$*UTF8*$!
{
	archiveVersion = 1;
	classes = {
	};
	objectVersion = 50;
	objects = {

/* Begin PBXBuildFile section */
		16C2473920DCF30900C520CF /* AppDelegate.swift in Sources */ = {isa = PBXBuildFile; fileRef = 16C2473820DCF30900C520CF /* AppDelegate.swift */; };
		16C2474020DCF30A00C520CF /* Assets.xcassets in Resources */ = {isa = PBXBuildFile; fileRef = 16C2473F20DCF30A00C520CF /* Assets.xcassets */; };
		16C2474320DCF30A00C520CF /* LaunchScreen.storyboard in Resources */ = {isa = PBXBuildFile; fileRef = 16C2474120DCF30A00C520CF /* LaunchScreen.storyboard */; };
		16C2475020DCFA1200C520CF /* WeatherDataModel.swift in Sources */ = {isa = PBXBuildFile; fileRef = 16C2474F20DCFA1200C520CF /* WeatherDataModel.swift */; };
		16C2475320DCFB9300C520CF /* WeatherViewController.swift in Sources */ = {isa = PBXBuildFile; fileRef = 16C2475120DCFB9300C520CF /* WeatherViewController.swift */; };
		16C2475420DCFB9300C520CF /* WeatherViewController.xib in Resources */ = {isa = PBXBuildFile; fileRef = 16C2475220DCFB9300C520CF /* WeatherViewController.xib */; };
		16C2475720DD070C00C520CF /* DesignableButtons.swift in Sources */ = {isa = PBXBuildFile; fileRef = 16C2475620DD070C00C520CF /* DesignableButtons.swift */; };
		16C2475A20DD093300C520CF /* ConfigurationViewController.swift in Sources */ = {isa = PBXBuildFile; fileRef = 16C2475820DD093300C520CF /* ConfigurationViewController.swift */; };
		16C2475B20DD093300C520CF /* ConfigurationViewController.xib in Resources */ = {isa = PBXBuildFile; fileRef = 16C2475920DD093300C520CF /* ConfigurationViewController.xib */; };
		16C2475D20DD111F00C520CF /* extensions.swift in Sources */ = {isa = PBXBuildFile; fileRef = 16C2475C20DD111F00C520CF /* extensions.swift */; };
		16C2475F20DD310E00C520CF /* CountriesDataModel.swift in Sources */ = {isa = PBXBuildFile; fileRef = 16C2475E20DD310E00C520CF /* CountriesDataModel.swift */; };
		16C2476120DD311A00C520CF /* CitiesDataModel.swift in Sources */ = {isa = PBXBuildFile; fileRef = 16C2476020DD311A00C520CF /* CitiesDataModel.swift */; };
		B04A6BC3CE843415DBE8DF91 /* Pods_WeatherApp.framework in Frameworks */ = {isa = PBXBuildFile; fileRef = 86B7095E00C056025D5C0A3A /* Pods_WeatherApp.framework */; };
/* End PBXBuildFile section */

/* Begin PBXFileReference section */
		16C2473520DCF30900C520CF /* WeatherApp.app */ = {isa = PBXFileReference; explicitFileType = wrapper.application; includeInIndex = 0; path = WeatherApp.app; sourceTree = BUILT_PRODUCTS_DIR; };
		16C2473820DCF30900C520CF /* AppDelegate.swift */ = {isa = PBXFileReference; lastKnownFileType = sourcecode.swift; path = AppDelegate.swift; sourceTree = "<group>"; };
		16C2473F20DCF30A00C520CF /* Assets.xcassets */ = {isa = PBXFileReference; lastKnownFileType = folder.assetcatalog; path = Assets.xcassets; sourceTree = "<group>"; };
		16C2474220DCF30A00C520CF /* Base */ = {isa = PBXFileReference; lastKnownFileType = file.storyboard; name = Base; path = Base.lproj/LaunchScreen.storyboard; sourceTree = "<group>"; };
		16C2474420DCF30A00C520CF /* Info.plist */ = {isa = PBXFileReference; lastKnownFileType = text.plist.xml; path = Info.plist; sourceTree = "<group>"; };
		16C2474F20DCFA1200C520CF /* WeatherDataModel.swift */ = {isa = PBXFileReference; lastKnownFileType = sourcecode.swift; path = WeatherDataModel.swift; sourceTree = "<group>"; };
		16C2475120DCFB9300C520CF /* WeatherViewController.swift */ = {isa = PBXFileReference; lastKnownFileType = sourcecode.swift; path = WeatherViewController.swift; sourceTree = "<group>"; };
		16C2475220DCFB9300C520CF /* WeatherViewController.xib */ = {isa = PBXFileReference; lastKnownFileType = file.xib; path = WeatherViewController.xib; sourceTree = "<group>"; };
		16C2475620DD070C00C520CF /* DesignableButtons.swift */ = {isa = PBXFileReference; lastKnownFileType = sourcecode.swift; path = DesignableButtons.swift; sourceTree = "<group>"; };
		16C2475820DD093300C520CF /* ConfigurationViewController.swift */ = {isa = PBXFileReference; lastKnownFileType = sourcecode.swift; path = ConfigurationViewController.swift; sourceTree = "<group>"; };
		16C2475920DD093300C520CF /* ConfigurationViewController.xib */ = {isa = PBXFileReference; lastKnownFileType = file.xib; path = ConfigurationViewController.xib; sourceTree = "<group>"; };
		16C2475C20DD111F00C520CF /* extensions.swift */ = {isa = PBXFileReference; lastKnownFileType = sourcecode.swift; path = extensions.swift; sourceTree = "<group>"; };
		16C2475E20DD310E00C520CF /* CountriesDataModel.swift */ = {isa = PBXFileReference; lastKnownFileType = sourcecode.swift; path = CountriesDataModel.swift; sourceTree = "<group>"; };
		16C2476020DD311A00C520CF /* CitiesDataModel.swift */ = {isa = PBXFileReference; lastKnownFileType = sourcecode.swift; path = CitiesDataModel.swift; sourceTree = "<group>"; };
		86B7095E00C056025D5C0A3A /* Pods_WeatherApp.framework */ = {isa = PBXFileReference; explicitFileType = wrapper.framework; includeInIndex = 0; path = Pods_WeatherApp.framework; sourceTree = BUILT_PRODUCTS_DIR; };
		86DAE69E9C2EE6111F585A28 /* Pods-WeatherApp.release.xcconfig */ = {isa = PBXFileReference; includeInIndex = 1; lastKnownFileType = text.xcconfig; name = "Pods-WeatherApp.release.xcconfig"; path = "Pods/Target Support Files/Pods-WeatherApp/Pods-WeatherApp.release.xcconfig"; sourceTree = "<group>"; };
		A6E41F9A4035150E53D58151 /* Pods-WeatherApp.debug.xcconfig */ = {isa = PBXFileReference; includeInIndex = 1; lastKnownFileType = text.xcconfig; name = "Pods-WeatherApp.debug.xcconfig"; path = "Pods/Target Support Files/Pods-WeatherApp/Pods-WeatherApp.debug.xcconfig"; sourceTree = "<group>"; };
/* End PBXFileReference section */

/* Begin PBXFrameworksBuildPhase section */
		16C2473220DCF30900C520CF /* Frameworks */ = {
			isa = PBXFrameworksBuildPhase;
			buildActionMask = 2147483647;
			files = (
				B04A6BC3CE843415DBE8DF91 /* Pods_WeatherApp.framework in Frameworks */,
			);
			runOnlyForDeploymentPostprocessing = 0;
		};
/* End PBXFrameworksBuildPhase section */

/* Begin PBXGroup section */
		16C2472C20DCF30900C520CF = {
			isa = PBXGroup;
			children = (
				16C2473720DCF30900C520CF /* WeatherApp */,
				16C2473620DCF30900C520CF /* Products */,
				18EF52B989A10682D86971E9 /* Pods */,
				464A88E862B2494031B49206 /* Frameworks */,
			);
			sourceTree = "<group>";
		};
		16C2473620DCF30900C520CF /* Products */ = {
			isa = PBXGroup;
			children = (
				16C2473520DCF30900C520CF /* WeatherApp.app */,
			);
			name = Products;
			sourceTree = "<group>";
		};
		16C2473720DCF30900C520CF /* WeatherApp */ = {
			isa = PBXGroup;
			children = (
				16C2475520DD06F200C520CF /* Supporting files */,
				16C2474C20DCF35900C520CF /* Controller */,
				16C2474B20DCF35200C520CF /* View */,
				16C2474A20DCF34800C520CF /* Model */,
				16C2474120DCF30A00C520CF /* LaunchScreen.storyboard */,
				16C2474420DCF30A00C520CF /* Info.plist */,
				16C2473F20DCF30A00C520CF /* Assets.xcassets */,
			);
			path = WeatherApp;
			sourceTree = "<group>";
		};
		16C2474A20DCF34800C520CF /* Model */ = {
			isa = PBXGroup;
			children = (
				16C2474F20DCFA1200C520CF /* WeatherDataModel.swift */,
				16C2475E20DD310E00C520CF /* CountriesDataModel.swift */,
				16C2476020DD311A00C520CF /* CitiesDataModel.swift */,
			);
			path = Model;
			sourceTree = "<group>";
		};
		16C2474B20DCF35200C520CF /* View */ = {
			isa = PBXGroup;
			children = (
				16C2475920DD093300C520CF /* ConfigurationViewController.xib */,
				16C2475220DCFB9300C520CF /* WeatherViewController.xib */,
			);
			path = View;
			sourceTree = "<group>";
		};
		16C2474C20DCF35900C520CF /* Controller */ = {
			isa = PBXGroup;
			children = (
				16C2473820DCF30900C520CF /* AppDelegate.swift */,
				16C2475120DCFB9300C520CF /* WeatherViewController.swift */,
				16C2475820DD093300C520CF /* ConfigurationViewController.swift */,
			);
			path = Controller;
			sourceTree = "<group>";
		};
		16C2475520DD06F200C520CF /* Supporting files */ = {
			isa = PBXGroup;
			children = (
				16C2475620DD070C00C520CF /* DesignableButtons.swift */,
				16C2475C20DD111F00C520CF /* extensions.swift */,
			);
			path = "Supporting files";
			sourceTree = "<group>";
		};
		18EF52B989A10682D86971E9 /* Pods */ = {
			isa = PBXGroup;
			children = (
				A6E41F9A4035150E53D58151 /* Pods-WeatherApp.debug.xcconfig */,
				86DAE69E9C2EE6111F585A28 /* Pods-WeatherApp.release.xcconfig */,
			);
			name = Pods;
			sourceTree = "<group>";
		};
		464A88E862B2494031B49206 /* Frameworks */ = {
			isa = PBXGroup;
			children = (
				86B7095E00C056025D5C0A3A /* Pods_WeatherApp.framework */,
			);
			name = Frameworks;
			sourceTree = "<group>";
		};
/* End PBXGroup section */

/* Begin PBXNativeTarget section */
		16C2473420DCF30900C520CF /* WeatherApp */ = {
			isa = PBXNativeTarget;
			buildConfigurationList = 16C2474720DCF30A00C520CF /* Build configuration list for PBXNativeTarget "WeatherApp" */;
			buildPhases = (
				5A34584740EFBB4A1B515AD9 /* [CP] Check Pods Manifest.lock */,
				16C2473120DCF30900C520CF /* Sources */,
				16C2473220DCF30900C520CF /* Frameworks */,
				16C2473320DCF30900C520CF /* Resources */,
				9938B13F0230FE29268EDD03 /* [CP] Embed Pods Frameworks */,
				3C34CF7053724858E0E5A8D7 /* [CP] Copy Pods Resources */,
			);
			buildRules = (
			);
			dependencies = (
			);
			name = WeatherApp;
			productName = WeatherApp;
			productReference = 16C2473520DCF30900C520CF /* WeatherApp.app */;
			productType = "com.apple.product-type.application";
		};
/* End PBXNativeTarget section */

/* Begin PBXProject section */
		16C2472D20DCF30900C520CF /* Project object */ = {
			isa = PBXProject;
			attributes = {
				LastSwiftUpdateCheck = 0940;
				LastUpgradeCheck = 0940;
				ORGANIZATIONNAME = "Sanad LTD";
				TargetAttributes = {
					16C2473420DCF30900C520CF = {
						CreatedOnToolsVersion = 9.4.1;
					};
				};
			};
			buildConfigurationList = 16C2473020DCF30900C520CF /* Build configuration list for PBXProject "WeatherApp" */;
			compatibilityVersion = "Xcode 9.3";
			developmentRegion = en;
			hasScannedForEncodings = 0;
			knownRegions = (
				en,
				Base,
			);
			mainGroup = 16C2472C20DCF30900C520CF;
			productRefGroup = 16C2473620DCF30900C520CF /* Products */;
			projectDirPath = "";
			projectRoot = "";
			targets = (
				16C2473420DCF30900C520CF /* WeatherApp */,
			);
		};
/* End PBXProject section */

/* Begin PBXResourcesBuildPhase section */
		16C2473320DCF30900C520CF /* Resources */ = {
			isa = PBXResourcesBuildPhase;
			buildActionMask = 2147483647;
			files = (
				16C2474320DCF30A00C520CF /* LaunchScreen.storyboard in Resources */,
				16C2475420DCFB9300C520CF /* WeatherViewController.xib in Resources */,
				16C2474020DCF30A00C520CF /* Assets.xcassets in Resources */,
				16C2475B20DD093300C520CF /* ConfigurationViewController.xib in Resources */,
			);
			runOnlyForDeploymentPostprocessing = 0;
		};
/* End PBXResourcesBuildPhase section */

/* Begin PBXShellScriptBuildPhase section */
		3C34CF7053724858E0E5A8D7 /* [CP] Copy Pods Resources */ = {
			isa = PBXShellScriptBuildPhase;
			buildActionMask = 2147483647;
			files = (
			);
			inputPaths = (
			);
			name = "[CP] Copy Pods Resources";
			outputPaths = (
			);
			runOnlyForDeploymentPostprocessing = 0;
			shellPath = /bin/sh;
			shellScript = "\"${SRCROOT}/Pods/Target Support Files/Pods-WeatherApp/Pods-WeatherApp-resources.sh\"\n";
			showEnvVarsInLog = 0;
		};
		5A34584740EFBB4A1B515AD9 /* [CP] Check Pods Manifest.lock */ = {
			isa = PBXShellScriptBuildPhase;
			buildActionMask = 2147483647;
			files = (
			);
			inputPaths = (
				"${PODS_PODFILE_DIR_PATH}/Podfile.lock",
				"${PODS_ROOT}/Manifest.lock",
			);
			name = "[CP] Check Pods Manifest.lock";
			outputPaths = (
				"$(DERIVED_FILE_DIR)/Pods-WeatherApp-checkManifestLockResult.txt",
			);
			runOnlyForDeploymentPostprocessing = 0;
			shellPath = /bin/sh;
			shellScript = "diff \"${PODS_PODFILE_DIR_PATH}/Podfile.lock\" \"${PODS_ROOT}/Manifest.lock\" > /dev/null\nif [ $? != 0 ] ; then\n    # print error to STDERR\n    echo \"error: The sandbox is not in sync with the Podfile.lock. Run 'pod install' or update your CocoaPods installation.\" >&2\n    exit 1\nfi\n# This output is used by Xcode 'outputs' to avoid re-running this script phase.\necho \"SUCCESS\" > \"${SCRIPT_OUTPUT_FILE_0}\"\n";
			showEnvVarsInLog = 0;
		};
		9938B13F0230FE29268EDD03 /* [CP] Embed Pods Frameworks */ = {
			isa = PBXShellScriptBuildPhase;
			buildActionMask = 2147483647;
			files = (
			);
			inputPaths = (
				"${SRCROOT}/Pods/Target Support Files/Pods-WeatherApp/Pods-WeatherApp-frameworks.sh",
				"${BUILT_PRODUCTS_DIR}/Alamofire/Alamofire.framework",
				"${BUILT_PRODUCTS_DIR}/SwiftyJSON/SwiftyJSON.framework",
			);
			name = "[CP] Embed Pods Frameworks";
			outputPaths = (
				"${TARGET_BUILD_DIR}/${FRAMEWORKS_FOLDER_PATH}/Alamofire.framework",
				"${TARGET_BUILD_DIR}/${FRAMEWORKS_FOLDER_PATH}/SwiftyJSON.framework",
			);
			runOnlyForDeploymentPostprocessing = 0;
			shellPath = /bin/sh;
			shellScript = "\"${SRCROOT}/Pods/Target Support Files/Pods-WeatherApp/Pods-WeatherApp-frameworks.sh\"\n";
			showEnvVarsInLog = 0;
		};
/* End PBXShellScriptBuildPhase section */

/* Begin PBXSourcesBuildPhase section */
		16C2473120DCF30900C520CF /* Sources */ = {
			isa = PBXSourcesBuildPhase;
			buildActionMask = 2147483647;
			files = (
				16C2473920DCF30900C520CF /* AppDelegate.swift in Sources */,
				16C2475320DCFB9300C520CF /* WeatherViewController.swift in Sources */,
				16C2475F20DD310E00C520CF /* CountriesDataModel.swift in Sources */,
				16C2475020DCFA1200C520CF /* WeatherDataModel.swift in Sources */,
				16C2476120DD311A00C520CF /* CitiesDataModel.swift in Sources */,
				16C2475A20DD093300C520CF /* ConfigurationViewController.swift in Sources */,
				16C2475720DD070C00C520CF /* DesignableButtons.swift in Sources */,
				16C2475D20DD111F00C520CF /* extensions.swift in Sources */,
			);
			runOnlyForDeploymentPostprocessing = 0;
		};
/* End PBXSourcesBuildPhase section */

/* Begin PBXVariantGroup section */
		16C2474120DCF30A00C520CF /* LaunchScreen.storyboard */ = {
			isa = PBXVariantGroup;
			children = (
				16C2474220DCF30A00C520CF /* Base */,
			);
			name = LaunchScreen.storyboard;
			sourceTree = "<group>";
		};
/* End PBXVariantGroup section */

/* Begin XCBuildConfiguration section */
		16C2474520DCF30A00C520CF /* Debug */ = {
			isa = XCBuildConfiguration;
			buildSettings = {
				ALWAYS_SEARCH_USER_PATHS = NO;
				CLANG_ANALYZER_NONNULL = YES;
				CLANG_ANALYZER_NUMBER_OBJECT_CONVERSION = YES_AGGRESSIVE;
				CLANG_CXX_LANGUAGE_STANDARD = "gnu++14";
				CLANG_CXX_LIBRARY = "libc++";
				CLANG_ENABLE_MODULES = YES;
				CLANG_ENABLE_OBJC_ARC = YES;
				CLANG_ENABLE_OBJC_WEAK = YES;
				CLANG_WARN_BLOCK_CAPTURE_AUTORELEASING = YES;
				CLANG_WARN_BOOL_CONVERSION = YES;
				CLANG_WARN_COMMA = YES;
				CLANG_WARN_CONSTANT_CONVERSION = YES;
				CLANG_WARN_DEPRECATED_OBJC_IMPLEMENTATIONS = YES;
				CLANG_WARN_DIRECT_OBJC_ISA_USAGE = YES_ERROR;
				CLANG_WARN_DOCUMENTATION_COMMENTS = YES;
				CLANG_WARN_EMPTY_BODY = YES;
				CLANG_WARN_ENUM_CONVERSION = YES;
				CLANG_WARN_INFINITE_RECURSION = YES;
				CLANG_WARN_INT_CONVERSION = YES;
				CLANG_WARN_NON_LITERAL_NULL_CONVERSION = YES;
				CLANG_WARN_OBJC_IMPLICIT_RETAIN_SELF = YES;
				CLANG_WARN_OBJC_LITERAL_CONVERSION = YES;
				CLANG_WARN_OBJC_ROOT_CLASS = YES_ERROR;
				CLANG_WARN_RANGE_LOOP_ANALYSIS = YES;
				CLANG_WARN_STRICT_PROTOTYPES = YES;
				CLANG_WARN_SUSPICIOUS_MOVE = YES;
				CLANG_WARN_UNGUARDED_AVAILABILITY = YES_AGGRESSIVE;
				CLANG_WARN_UNREACHABLE_CODE = YES;
				CLANG_WARN__DUPLICATE_METHOD_MATCH = YES;
				CODE_SIGN_IDENTITY = "iPhone Developer";
				COPY_PHASE_STRIP = NO;
				DEBUG_INFORMATION_FORMAT = dwarf;
				ENABLE_STRICT_OBJC_MSGSEND = YES;
				ENABLE_TESTABILITY = YES;
				GCC_C_LANGUAGE_STANDARD = gnu11;
				GCC_DYNAMIC_NO_PIC = NO;
				GCC_NO_COMMON_BLOCKS = YES;
				GCC_OPTIMIZATION_LEVEL = 0;
				GCC_PREPROCESSOR_DEFINITIONS = (
					"DEBUG=1",
					"$(inherited)",
				);
				GCC_WARN_64_TO_32_BIT_CONVERSION = YES;
				GCC_WARN_ABOUT_RETURN_TYPE = YES_ERROR;
				GCC_WARN_UNDECLARED_SELECTOR = YES;
				GCC_WARN_UNINITIALIZED_AUTOS = YES_AGGRESSIVE;
				GCC_WARN_UNUSED_FUNCTION = YES;
				GCC_WARN_UNUSED_VARIABLE = YES;
				IPHONEOS_DEPLOYMENT_TARGET = 11.4;
				MTL_ENABLE_DEBUG_INFO = YES;
				ONLY_ACTIVE_ARCH = YES;
				SDKROOT = iphoneos;
				SWIFT_ACTIVE_COMPILATION_CONDITIONS = DEBUG;
				SWIFT_OPTIMIZATION_LEVEL = "-Onone";
			};
			name = Debug;
		};
		16C2474620DCF30A00C520CF /* Release */ = {
			isa = XCBuildConfiguration;
			buildSettings = {
				ALWAYS_SEARCH_USER_PATHS = NO;
				CLANG_ANALYZER_NONNULL = YES;
				CLANG_ANALYZER_NUMBER_OBJECT_CONVERSION = YES_AGGRESSIVE;
				CLANG_CXX_LANGUAGE_STANDARD = "gnu++14";
				CLANG_CXX_LIBRARY = "libc++";
				CLANG_ENABLE_MODULES = YES;
				CLANG_ENABLE_OBJC_ARC = YES;
				CLANG_ENABLE_OBJC_WEAK = YES;
				CLANG_WARN_BLOCK_CAPTURE_AUTORELEASING = YES;
				CLANG_WARN_BOOL_CONVERSION = YES;
				CLANG_WARN_COMMA = YES;
				CLANG_WARN_CONSTANT_CONVERSION = YES;
				CLANG_WARN_DEPRECATED_OBJC_IMPLEMENTATIONS = YES;
				CLANG_WARN_DIRECT_OBJC_ISA_USAGE = YES_ERROR;
				CLANG_WARN_DOCUMENTATION_COMMENTS = YES;
				CLANG_WARN_EMPTY_BODY = YES;
				CLANG_WARN_ENUM_CONVERSION = YES;
				CLANG_WARN_INFINITE_RECURSION = YES;
				CLANG_WARN_INT_CONVERSION = YES;
				CLANG_WARN_NON_LITERAL_NULL_CONVERSION = YES;
				CLANG_WARN_OBJC_IMPLICIT_RETAIN_SELF = YES;
				CLANG_WARN_OBJC_LITERAL_CONVERSION = YES;
				CLANG_WARN_OBJC_ROOT_CLASS = YES_ERROR;
				CLANG_WARN_RANGE_LOOP_ANALYSIS = YES;
				CLANG_WARN_STRICT_PROTOTYPES = YES;
				CLANG_WARN_SUSPICIOUS_MOVE = YES;
				CLANG_WARN_UNGUARDED_AVAILABILITY = YES_AGGRESSIVE;
				CLANG_WARN_UNREACHABLE_CODE = YES;
				CLANG_WARN__DUPLICATE_METHOD_MATCH = YES;
				CODE_SIGN_IDENTITY = "iPhone Developer";
				COPY_PHASE_STRIP = NO;
				DEBUG_INFORMATION_FORMAT = "dwarf-with-dsym";
				ENABLE_NS_ASSERTIONS = NO;
				ENABLE_STRICT_OBJC_MSGSEND = YES;
				GCC_C_LANGUAGE_STANDARD = gnu11;
				GCC_NO_COMMON_BLOCKS = YES;
				GCC_WARN_64_TO_32_BIT_CONVERSION = YES;
				GCC_WARN_ABOUT_RETURN_TYPE = YES_ERROR;
				GCC_WARN_UNDECLARED_SELECTOR = YES;
				GCC_WARN_UNINITIALIZED_AUTOS = YES_AGGRESSIVE;
				GCC_WARN_UNUSED_FUNCTION = YES;
				GCC_WARN_UNUSED_VARIABLE = YES;
				IPHONEOS_DEPLOYMENT_TARGET = 11.4;
				MTL_ENABLE_DEBUG_INFO = NO;
				SDKROOT = iphoneos;
				SWIFT_COMPILATION_MODE = wholemodule;
				SWIFT_OPTIMIZATION_LEVEL = "-O";
				VALIDATE_PRODUCT = YES;
			};
			name = Release;
		};
		16C2474820DCF30A00C520CF /* Debug */ = {
			isa = XCBuildConfiguration;
			baseConfigurationReference = A6E41F9A4035150E53D58151 /* Pods-WeatherApp.debug.xcconfig */;
			buildSettings = {
				ASSETCATALOG_COMPILER_APPICON_NAME = AppIcon;
				CODE_SIGN_STYLE = Automatic;
				DEVELOPMENT_TEAM = BDZ9JJAWHH;
				INFOPLIST_FILE = WeatherApp/Info.plist;
				LD_RUNPATH_SEARCH_PATHS = (
					"$(inherited)",
					"@executable_path/Frameworks",
				);
				PRODUCT_BUNDLE_IDENTIFIER = com.SanadBarj.WeatherApp;
				PRODUCT_NAME = "$(TARGET_NAME)";
				SWIFT_VERSION = 4.0;
				TARGETED_DEVICE_FAMILY = 1;
			};
			name = Debug;
		};
		16C2474920DCF30A00C520CF /* Release */ = {
			isa = XCBuildConfiguration;
			baseConfigurationReference = 86DAE69E9C2EE6111F585A28 /* Pods-WeatherApp.release.xcconfig */;
			buildSettings = {
				ASSETCATALOG_COMPILER_APPICON_NAME = AppIcon;
				CODE_SIGN_STYLE = Automatic;
				DEVELOPMENT_TEAM = BDZ9JJAWHH;
				INFOPLIST_FILE = WeatherApp/Info.plist;
				LD_RUNPATH_SEARCH_PATHS = (
					"$(inherited)",
					"@executable_path/Frameworks",
				);
				PRODUCT_BUNDLE_IDENTIFIER = com.SanadBarj.WeatherApp;
				PRODUCT_NAME = "$(TARGET_NAME)";
				SWIFT_VERSION = 4.0;
				TARGETED_DEVICE_FAMILY = 1;
			};
			name = Release;
		};
/* End XCBuildConfiguration section */

/* Begin XCConfigurationList section */
		16C2473020DCF30900C520CF /* Build configuration list for PBXProject "WeatherApp" */ = {
			isa = XCConfigurationList;
			buildConfigurations = (
				16C2474520DCF30A00C520CF /* Debug */,
				16C2474620DCF30A00C520CF /* Release */,
			);
			defaultConfigurationIsVisible = 0;
			defaultConfigurationName = Release;
		};
		16C2474720DCF30A00C520CF /* Build configuration list for PBXNativeTarget "WeatherApp" */ = {
			isa = XCConfigurationList;
			buildConfigurations = (
				16C2474820DCF30A00C520CF /* Debug */,
				16C2474920DCF30A00C520CF /* Release */,
			);
			defaultConfigurationIsVisible = 0;
			defaultConfigurationName = Release;
		};
/* End XCConfigurationList section */
	};
	rootObject = 16C2472D20DCF30900C520CF /* Project object */;
}
